// !$*UTF8*$!
{
	archiveVersion = 1;
	classes = {
	};
	objectVersion = 56;
	objects = {

/* Begin PBXBuildFile section */
		C26FBF6F2AD716C800E2220C /* AppDelegate.swift in Sources */ = {isa = PBXBuildFile; fileRef = C26FBF6E2AD716C800E2220C /* AppDelegate.swift */; };
		C26FBF712AD716C800E2220C /* SceneDelegate.swift in Sources */ = {isa = PBXBuildFile; fileRef = C26FBF702AD716C800E2220C /* SceneDelegate.swift */; };
		C26FBF732AD716C800E2220C /* ViewController.swift in Sources */ = {isa = PBXBuildFile; fileRef = C26FBF722AD716C800E2220C /* ViewController.swift */; };
		C26FBF762AD716C800E2220C /* Main.storyboard in Resources */ = {isa = PBXBuildFile; fileRef = C26FBF742AD716C800E2220C /* Main.storyboard */; };
		C26FBF792AD716C800E2220C /* Monumental.xcdatamodeld in Sources */ = {isa = PBXBuildFile; fileRef = C26FBF772AD716C800E2220C /* Monumental.xcdatamodeld */; };
		C26FBF7B2AD716C900E2220C /* Assets.xcassets in Resources */ = {isa = PBXBuildFile; fileRef = C26FBF7A2AD716C900E2220C /* Assets.xcassets */; };
		C26FBF7E2AD716C900E2220C /* LaunchScreen.storyboard in Resources */ = {isa = PBXBuildFile; fileRef = C26FBF7C2AD716C900E2220C /* LaunchScreen.storyboard */; };
		C26FBF892AD716CA00E2220C /* MonumentalTests.swift in Sources */ = {isa = PBXBuildFile; fileRef = C26FBF882AD716CA00E2220C /* MonumentalTests.swift */; };
		C26FBF932AD716CA00E2220C /* MonumentalUITests.swift in Sources */ = {isa = PBXBuildFile; fileRef = C26FBF922AD716CA00E2220C /* MonumentalUITests.swift */; };
		C26FBF952AD716CA00E2220C /* MonumentalUITestsLaunchTests.swift in Sources */ = {isa = PBXBuildFile; fileRef = C26FBF942AD716CA00E2220C /* MonumentalUITestsLaunchTests.swift */; };
/* End PBXBuildFile section */

/* Begin PBXContainerItemProxy section */
		C26FBF852AD716CA00E2220C /* PBXContainerItemProxy */ = {
			isa = PBXContainerItemProxy;
			containerPortal = C26FBF632AD716C800E2220C /* Project object */;
			proxyType = 1;
			remoteGlobalIDString = C26FBF6A2AD716C800E2220C;
			remoteInfo = Monumental;
		};
		C26FBF8F2AD716CA00E2220C /* PBXContainerItemProxy */ = {
			isa = PBXContainerItemProxy;
			containerPortal = C26FBF632AD716C800E2220C /* Project object */;
			proxyType = 1;
			remoteGlobalIDString = C26FBF6A2AD716C800E2220C;
			remoteInfo = Monumental;
		};
/* End PBXContainerItemProxy section */

/* Begin PBXFileReference section */
		C26FBF6B2AD716C800E2220C /* Monumental.app */ = {isa = PBXFileReference; explicitFileType = wrapper.application; includeInIndex = 0; path = Monumental.app; sourceTree = BUILT_PRODUCTS_DIR; };
		C26FBF6E2AD716C800E2220C /* AppDelegate.swift */ = {isa = PBXFileReference; lastKnownFileType = sourcecode.swift; path = AppDelegate.swift; sourceTree = "<group>"; };
		C26FBF702AD716C800E2220C /* SceneDelegate.swift */ = {isa = PBXFileReference; lastKnownFileType = sourcecode.swift; path = SceneDelegate.swift; sourceTree = "<group>"; };
		C26FBF722AD716C800E2220C /* ViewController.swift */ = {isa = PBXFileReference; lastKnownFileType = sourcecode.swift; path = ViewController.swift; sourceTree = "<group>"; };
		C26FBF752AD716C800E2220C /* Base */ = {isa = PBXFileReference; lastKnownFileType = file.storyboard; name = Base; path = Base.lproj/Main.storyboard; sourceTree = "<group>"; };
		C26FBF782AD716C800E2220C /* Monumental.xcdatamodel */ = {isa = PBXFileReference; lastKnownFileType = wrapper.xcdatamodel; path = Monumental.xcdatamodel; sourceTree = "<group>"; };
		C26FBF7A2AD716C900E2220C /* Assets.xcassets */ = {isa = PBXFileReference; lastKnownFileType = folder.assetcatalog; path = Assets.xcassets; sourceTree = "<group>"; };
		C26FBF7D2AD716C900E2220C /* Base */ = {isa = PBXFileReference; lastKnownFileType = file.storyboard; name = Base; path = Base.lproj/LaunchScreen.storyboard; sourceTree = "<group>"; };
		C26FBF7F2AD716C900E2220C /* Info.plist */ = {isa = PBXFileReference; lastKnownFileType = text.plist.xml; path = Info.plist; sourceTree = "<group>"; };
		C26FBF842AD716CA00E2220C /* MonumentalTests.xctest */ = {isa = PBXFileReference; explicitFileType = wrapper.cfbundle; includeInIndex = 0; path = MonumentalTests.xctest; sourceTree = BUILT_PRODUCTS_DIR; };
		C26FBF882AD716CA00E2220C /* MonumentalTests.swift */ = {isa = PBXFileReference; lastKnownFileType = sourcecode.swift; path = MonumentalTests.swift; sourceTree = "<group>"; };
		C26FBF8E2AD716CA00E2220C /* MonumentalUITests.xctest */ = {isa = PBXFileReference; explicitFileType = wrapper.cfbundle; includeInIndex = 0; path = MonumentalUITests.xctest; sourceTree = BUILT_PRODUCTS_DIR; };
		C26FBF922AD716CA00E2220C /* MonumentalUITests.swift */ = {isa = PBXFileReference; lastKnownFileType = sourcecode.swift; path = MonumentalUITests.swift; sourceTree = "<group>"; };
		C26FBF942AD716CA00E2220C /* MonumentalUITestsLaunchTests.swift */ = {isa = PBXFileReference; lastKnownFileType = sourcecode.swift; path = MonumentalUITestsLaunchTests.swift; sourceTree = "<group>"; };
/* End PBXFileReference section */

/* Begin PBXFrameworksBuildPhase section */
		C26FBF682AD716C800E2220C /* Frameworks */ = {
			isa = PBXFrameworksBuildPhase;
			buildActionMask = 2147483647;
			files = (
			);
			runOnlyForDeploymentPostprocessing = 0;
		};
		C26FBF812AD716CA00E2220C /* Frameworks */ = {
			isa = PBXFrameworksBuildPhase;
			buildActionMask = 2147483647;
			files = (
			);
			runOnlyForDeploymentPostprocessing = 0;
		};
		C26FBF8B2AD716CA00E2220C /* Frameworks */ = {
			isa = PBXFrameworksBuildPhase;
			buildActionMask = 2147483647;
			files = (
			);
			runOnlyForDeploymentPostprocessing = 0;
		};
/* End PBXFrameworksBuildPhase section */

/* Begin PBXGroup section */
		C26FBF622AD716C800E2220C = {
			isa = PBXGroup;
			children = (
				C26FBF6D2AD716C800E2220C /* Monumental */,
				C26FBF872AD716CA00E2220C /* MonumentalTests */,
				C26FBF912AD716CA00E2220C /* MonumentalUITests */,
				C26FBF6C2AD716C800E2220C /* Products */,
			);
			sourceTree = "<group>";
		};
		C26FBF6C2AD716C800E2220C /* Products */ = {
			isa = PBXGroup;
			children = (
				C26FBF6B2AD716C800E2220C /* Monumental.app */,
				C26FBF842AD716CA00E2220C /* MonumentalTests.xctest */,
				C26FBF8E2AD716CA00E2220C /* MonumentalUITests.xctest */,
			);
			name = Products;
			sourceTree = "<group>";
		};
		C26FBF6D2AD716C800E2220C /* Monumental */ = {
			isa = PBXGroup;
			children = (
				C26FBF6E2AD716C800E2220C /* AppDelegate.swift */,
				C26FBF702AD716C800E2220C /* SceneDelegate.swift */,
				C26FBF722AD716C800E2220C /* ViewController.swift */,
				C26FBF742AD716C800E2220C /* Main.storyboard */,
				C26FBF7A2AD716C900E2220C /* Assets.xcassets */,
				C26FBF7C2AD716C900E2220C /* LaunchScreen.storyboard */,
				C26FBF7F2AD716C900E2220C /* Info.plist */,
				C26FBF772AD716C800E2220C /* Monumental.xcdatamodeld */,
			);
			path = Monumental;
			sourceTree = "<group>";
		};
		C26FBF872AD716CA00E2220C /* MonumentalTests */ = {
			isa = PBXGroup;
			children = (
				C26FBF882AD716CA00E2220C /* MonumentalTests.swift */,
			);
			path = MonumentalTests;
			sourceTree = "<group>";
		};
		C26FBF912AD716CA00E2220C /* MonumentalUITests */ = {
			isa = PBXGroup;
			children = (
				C26FBF922AD716CA00E2220C /* MonumentalUITests.swift */,
				C26FBF942AD716CA00E2220C /* MonumentalUITestsLaunchTests.swift */,
			);
			path = MonumentalUITests;
			sourceTree = "<group>";
		};
/* End PBXGroup section */

/* Begin PBXNativeTarget section */
		C26FBF6A2AD716C800E2220C /* Monumental */ = {
			isa = PBXNativeTarget;
			buildConfigurationList = C26FBF982AD716CA00E2220C /* Build configuration list for PBXNativeTarget "Monumental" */;
			buildPhases = (
				C26FBF672AD716C800E2220C /* Sources */,
				C26FBF682AD716C800E2220C /* Frameworks */,
				C26FBF692AD716C800E2220C /* Resources */,
			);
			buildRules = (
			);
			dependencies = (
			);
			name = Monumental;
			productName = Monumental;
			productReference = C26FBF6B2AD716C800E2220C /* Monumental.app */;
			productType = "com.apple.product-type.application";
		};
		C26FBF832AD716CA00E2220C /* MonumentalTests */ = {
			isa = PBXNativeTarget;
			buildConfigurationList = C26FBF9B2AD716CA00E2220C /* Build configuration list for PBXNativeTarget "MonumentalTests" */;
			buildPhases = (
				C26FBF802AD716CA00E2220C /* Sources */,
				C26FBF812AD716CA00E2220C /* Frameworks */,
				C26FBF822AD716CA00E2220C /* Resources */,
			);
			buildRules = (
			);
			dependencies = (
				C26FBF862AD716CA00E2220C /* PBXTargetDependency */,
			);
			name = MonumentalTests;
			productName = MonumentalTests;
			productReference = C26FBF842AD716CA00E2220C /* MonumentalTests.xctest */;
			productType = "com.apple.product-type.bundle.unit-test";
		};
		C26FBF8D2AD716CA00E2220C /* MonumentalUITests */ = {
			isa = PBXNativeTarget;
			buildConfigurationList = C26FBF9E2AD716CA00E2220C /* Build configuration list for PBXNativeTarget "MonumentalUITests" */;
			buildPhases = (
				C26FBF8A2AD716CA00E2220C /* Sources */,
				C26FBF8B2AD716CA00E2220C /* Frameworks */,
				C26FBF8C2AD716CA00E2220C /* Resources */,
			);
			buildRules = (
			);
			dependencies = (
				C26FBF902AD716CA00E2220C /* PBXTargetDependency */,
			);
			name = MonumentalUITests;
			productName = MonumentalUITests;
			productReference = C26FBF8E2AD716CA00E2220C /* MonumentalUITests.xctest */;
			productType = "com.apple.product-type.bundle.ui-testing";
		};
/* End PBXNativeTarget section */

/* Begin PBXProject section */
		C26FBF632AD716C800E2220C /* Project object */ = {
			isa = PBXProject;
			attributes = {
				BuildIndependentTargetsInParallel = 1;
				LastSwiftUpdateCheck = 1430;
				LastUpgradeCheck = 1430;
				TargetAttributes = {
					C26FBF6A2AD716C800E2220C = {
						CreatedOnToolsVersion = 14.3.1;
					};
					C26FBF832AD716CA00E2220C = {
						CreatedOnToolsVersion = 14.3.1;
						TestTargetID = C26FBF6A2AD716C800E2220C;
					};
					C26FBF8D2AD716CA00E2220C = {
						CreatedOnToolsVersion = 14.3.1;
						TestTargetID = C26FBF6A2AD716C800E2220C;
					};
				};
			};
			buildConfigurationList = C26FBF662AD716C800E2220C /* Build configuration list for PBXProject "Monumental" */;
			compatibilityVersion = "Xcode 14.0";
			developmentRegion = en;
			hasScannedForEncodings = 0;
			knownRegions = (
				en,
				Base,
			);
			mainGroup = C26FBF622AD716C800E2220C;
			productRefGroup = C26FBF6C2AD716C800E2220C /* Products */;
			projectDirPath = "";
			projectRoot = "";
			targets = (
				C26FBF6A2AD716C800E2220C /* Monumental */,
				C26FBF832AD716CA00E2220C /* MonumentalTests */,
				C26FBF8D2AD716CA00E2220C /* MonumentalUITests */,
			);
		};
/* End PBXProject section */

/* Begin PBXResourcesBuildPhase section */
		C26FBF692AD716C800E2220C /* Resources */ = {
			isa = PBXResourcesBuildPhase;
			buildActionMask = 2147483647;
			files = (
				C26FBF7E2AD716C900E2220C /* LaunchScreen.storyboard in Resources */,
				C26FBF7B2AD716C900E2220C /* Assets.xcassets in Resources */,
				C26FBF762AD716C800E2220C /* Main.storyboard in Resources */,
			);
			runOnlyForDeploymentPostprocessing = 0;
		};
		C26FBF822AD716CA00E2220C /* Resources */ = {
			isa = PBXResourcesBuildPhase;
			buildActionMask = 2147483647;
			files = (
			);
			runOnlyForDeploymentPostprocessing = 0;
		};
		C26FBF8C2AD716CA00E2220C /* Resources */ = {
			isa = PBXResourcesBuildPhase;
			buildActionMask = 2147483647;
			files = (
			);
			runOnlyForDeploymentPostprocessing = 0;
		};
/* End PBXResourcesBuildPhase section */

/* Begin PBXSourcesBuildPhase section */
		C26FBF672AD716C800E2220C /* Sources */ = {
			isa = PBXSourcesBuildPhase;
			buildActionMask = 2147483647;
			files = (
				C26FBF732AD716C800E2220C /* ViewController.swift in Sources */,
				C26FBF6F2AD716C800E2220C /* AppDelegate.swift in Sources */,
				C26FBF712AD716C800E2220C /* SceneDelegate.swift in Sources */,
				C26FBF792AD716C800E2220C /* Monumental.xcdatamodeld in Sources */,
			);
			runOnlyForDeploymentPostprocessing = 0;
		};
		C26FBF802AD716CA00E2220C /* Sources */ = {
			isa = PBXSourcesBuildPhase;
			buildActionMask = 2147483647;
			files = (
				C26FBF892AD716CA00E2220C /* MonumentalTests.swift in Sources */,
			);
			runOnlyForDeploymentPostprocessing = 0;
		};
		C26FBF8A2AD716CA00E2220C /* Sources */ = {
			isa = PBXSourcesBuildPhase;
			buildActionMask = 2147483647;
			files = (
				C26FBF952AD716CA00E2220C /* MonumentalUITestsLaunchTests.swift in Sources */,
				C26FBF932AD716CA00E2220C /* MonumentalUITests.swift in Sources */,
			);
			runOnlyForDeploymentPostprocessing = 0;
		};
/* End PBXSourcesBuildPhase section */

/* Begin PBXTargetDependency section */
		C26FBF862AD716CA00E2220C /* PBXTargetDependency */ = {
			isa = PBXTargetDependency;
			target = C26FBF6A2AD716C800E2220C /* Monumental */;
			targetProxy = C26FBF852AD716CA00E2220C /* PBXContainerItemProxy */;
		};
		C26FBF902AD716CA00E2220C /* PBXTargetDependency */ = {
			isa = PBXTargetDependency;
			target = C26FBF6A2AD716C800E2220C /* Monumental */;
			targetProxy = C26FBF8F2AD716CA00E2220C /* PBXContainerItemProxy */;
		};
/* End PBXTargetDependency section */

/* Begin PBXVariantGroup section */
		C26FBF742AD716C800E2220C /* Main.storyboard */ = {
			isa = PBXVariantGroup;
			children = (
				C26FBF752AD716C800E2220C /* Base */,
			);
			name = Main.storyboard;
			sourceTree = "<group>";
		};
		C26FBF7C2AD716C900E2220C /* LaunchScreen.storyboard */ = {
			isa = PBXVariantGroup;
			children = (
				C26FBF7D2AD716C900E2220C /* Base */,
			);
			name = LaunchScreen.storyboard;
			sourceTree = "<group>";
		};
/* End PBXVariantGroup section */

/* Begin XCBuildConfiguration section */
		C26FBF962AD716CA00E2220C /* Debug */ = {
			isa = XCBuildConfiguration;
			buildSettings = {
				ALWAYS_SEARCH_USER_PATHS = NO;
				CLANG_ANALYZER_NONNULL = YES;
				CLANG_ANALYZER_NUMBER_OBJECT_CONVERSION = YES_AGGRESSIVE;
				CLANG_CXX_LANGUAGE_STANDARD = "gnu++20";
				CLANG_ENABLE_MODULES = YES;
				CLANG_ENABLE_OBJC_ARC = YES;
				CLANG_ENABLE_OBJC_WEAK = YES;
				CLANG_WARN_BLOCK_CAPTURE_AUTORELEASING = YES;
				CLANG_WARN_BOOL_CONVERSION = YES;
				CLANG_WARN_COMMA = YES;
				CLANG_WARN_CONSTANT_CONVERSION = YES;
				CLANG_WARN_DEPRECATED_OBJC_IMPLEMENTATIONS = YES;
				CLANG_WARN_DIRECT_OBJC_ISA_USAGE = YES_ERROR;
				CLANG_WARN_DOCUMENTATION_COMMENTS = YES;
				CLANG_WARN_EMPTY_BODY = YES;
				CLANG_WARN_ENUM_CONVERSION = YES;
				CLANG_WARN_INFINITE_RECURSION = YES;
				CLANG_WARN_INT_CONVERSION = YES;
				CLANG_WARN_NON_LITERAL_NULL_CONVERSION = YES;
				CLANG_WARN_OBJC_IMPLICIT_RETAIN_SELF = YES;
				CLANG_WARN_OBJC_LITERAL_CONVERSION = YES;
				CLANG_WARN_OBJC_ROOT_CLASS = YES_ERROR;
				CLANG_WARN_QUOTED_INCLUDE_IN_FRAMEWORK_HEADER = YES;
				CLANG_WARN_RANGE_LOOP_ANALYSIS = YES;
				CLANG_WARN_STRICT_PROTOTYPES = YES;
				CLANG_WARN_SUSPICIOUS_MOVE = YES;
				CLANG_WARN_UNGUARDED_AVAILABILITY = YES_AGGRESSIVE;
				CLANG_WARN_UNREACHABLE_CODE = YES;
				CLANG_WARN__DUPLICATE_METHOD_MATCH = YES;
				COPY_PHASE_STRIP = NO;
				DEBUG_INFORMATION_FORMAT = dwarf;
				ENABLE_STRICT_OBJC_MSGSEND = YES;
				ENABLE_TESTABILITY = YES;
				GCC_C_LANGUAGE_STANDARD = gnu11;
				GCC_DYNAMIC_NO_PIC = NO;
				GCC_NO_COMMON_BLOCKS = YES;
				GCC_OPTIMIZATION_LEVEL = 0;
				GCC_PREPROCESSOR_DEFINITIONS = (
					"DEBUG=1",
					"$(inherited)",
				);
				GCC_WARN_64_TO_32_BIT_CONVERSION = YES;
				GCC_WARN_ABOUT_RETURN_TYPE = YES_ERROR;
				GCC_WARN_UNDECLARED_SELECTOR = YES;
				GCC_WARN_UNINITIALIZED_AUTOS = YES_AGGRESSIVE;
				GCC_WARN_UNUSED_FUNCTION = YES;
				GCC_WARN_UNUSED_VARIABLE = YES;
				IPHONEOS_DEPLOYMENT_TARGET = 16.4;
				MTL_ENABLE_DEBUG_INFO = INCLUDE_SOURCE;
				MTL_FAST_MATH = YES;
				ONLY_ACTIVE_ARCH = YES;
				SDKROOT = iphoneos;
				SWIFT_ACTIVE_COMPILATION_CONDITIONS = DEBUG;
				SWIFT_OPTIMIZATION_LEVEL = "-Onone";
			};
			name = Debug;
		};
		C26FBF972AD716CA00E2220C /* Release */ = {
			isa = XCBuildConfiguration;
			buildSettings = {
				ALWAYS_SEARCH_USER_PATHS = NO;
				CLANG_ANALYZER_NONNULL = YES;
				CLANG_ANALYZER_NUMBER_OBJECT_CONVERSION = YES_AGGRESSIVE;
				CLANG_CXX_LANGUAGE_STANDARD = "gnu++20";
				CLANG_ENABLE_MODULES = YES;
				CLANG_ENABLE_OBJC_ARC = YES;
				CLANG_ENABLE_OBJC_WEAK = YES;
				CLANG_WARN_BLOCK_CAPTURE_AUTORELEASING = YES;
				CLANG_WARN_BOOL_CONVERSION = YES;
				CLANG_WARN_COMMA = YES;
				CLANG_WARN_CONSTANT_CONVERSION = YES;
				CLANG_WARN_DEPRECATED_OBJC_IMPLEMENTATIONS = YES;
				CLANG_WARN_DIRECT_OBJC_ISA_USAGE = YES_ERROR;
				CLANG_WARN_DOCUMENTATION_COMMENTS = YES;
				CLANG_WARN_EMPTY_BODY = YES;
				CLANG_WARN_ENUM_CONVERSION = YES;
				CLANG_WARN_INFINITE_RECURSION = YES;
				CLANG_WARN_INT_CONVERSION = YES;
				CLANG_WARN_NON_LITERAL_NULL_CONVERSION = YES;
				CLANG_WARN_OBJC_IMPLICIT_RETAIN_SELF = YES;
				CLANG_WARN_OBJC_LITERAL_CONVERSION = YES;
				CLANG_WARN_OBJC_ROOT_CLASS = YES_ERROR;
				CLANG_WARN_QUOTED_INCLUDE_IN_FRAMEWORK_HEADER = YES;
				CLANG_WARN_RANGE_LOOP_ANALYSIS = YES;
				CLANG_WARN_STRICT_PROTOTYPES = YES;
				CLANG_WARN_SUSPICIOUS_MOVE = YES;
				CLANG_WARN_UNGUARDED_AVAILABILITY = YES_AGGRESSIVE;
				CLANG_WARN_UNREACHABLE_CODE = YES;
				CLANG_WARN__DUPLICATE_METHOD_MATCH = YES;
				COPY_PHASE_STRIP = NO;
				DEBUG_INFORMATION_FORMAT = "dwarf-with-dsym";
				ENABLE_NS_ASSERTIONS = NO;
				ENABLE_STRICT_OBJC_MSGSEND = YES;
				GCC_C_LANGUAGE_STANDARD = gnu11;
				GCC_NO_COMMON_BLOCKS = YES;
				GCC_WARN_64_TO_32_BIT_CONVERSION = YES;
				GCC_WARN_ABOUT_RETURN_TYPE = YES_ERROR;
				GCC_WARN_UNDECLARED_SELECTOR = YES;
				GCC_WARN_UNINITIALIZED_AUTOS = YES_AGGRESSIVE;
				GCC_WARN_UNUSED_FUNCTION = YES;
				GCC_WARN_UNUSED_VARIABLE = YES;
				IPHONEOS_DEPLOYMENT_TARGET = 16.4;
				MTL_ENABLE_DEBUG_INFO = NO;
				MTL_FAST_MATH = YES;
				SDKROOT = iphoneos;
				SWIFT_COMPILATION_MODE = wholemodule;
				SWIFT_OPTIMIZATION_LEVEL = "-O";
				VALIDATE_PRODUCT = YES;
			};
			name = Release;
		};
		C26FBF992AD716CA00E2220C /* Debug */ = {
			isa = XCBuildConfiguration;
			buildSettings = {
				ASSETCATALOG_COMPILER_APPICON_NAME = AppIcon;
				ASSETCATALOG_COMPILER_GLOBAL_ACCENT_COLOR_NAME = AccentColor;
				CODE_SIGN_STYLE = Automatic;
				CURRENT_PROJECT_VERSION = 1;
				GENERATE_INFOPLIST_FILE = YES;
				INFOPLIST_FILE = Monumental/Info.plist;
				INFOPLIST_KEY_UIApplicationSupportsIndirectInputEvents = YES;
				INFOPLIST_KEY_UILaunchStoryboardName = LaunchScreen;
				INFOPLIST_KEY_UIMainStoryboardFile = Main;
				INFOPLIST_KEY_UISupportedInterfaceOrientations_iPad = "UIInterfaceOrientationPortrait UIInterfaceOrientationPortraitUpsideDown UIInterfaceOrientationLandscapeLeft UIInterfaceOrientationLandscapeRight";
				INFOPLIST_KEY_UISupportedInterfaceOrientations_iPhone = "UIInterfaceOrientationPortrait UIInterfaceOrientationLandscapeLeft UIInterfaceOrientationLandscapeRight";
				LD_RUNPATH_SEARCH_PATHS = (
					"$(inherited)",
					"@executable_path/Frameworks",
				);
				MARKETING_VERSION = 1.0;
				PRODUCT_BUNDLE_IDENTIFIER = StudioCreoliste.Monumental;
				PRODUCT_NAME = "$(TARGET_NAME)";
				SWIFT_EMIT_LOC_STRINGS = YES;
				SWIFT_VERSION = 5.0;
				TARGETED_DEVICE_FAMILY = "1,2";
			};
			name = Debug;
		};
		C26FBF9A2AD716CA00E2220C /* Release */ = {
			isa = XCBuildConfiguration;
			buildSettings = {
				ASSETCATALOG_COMPILER_APPICON_NAME = AppIcon;
				ASSETCATALOG_COMPILER_GLOBAL_ACCENT_COLOR_NAME = AccentColor;
				CODE_SIGN_STYLE = Automatic;
				CURRENT_PROJECT_VERSION = 1;
				GENERATE_INFOPLIST_FILE = YES;
				INFOPLIST_FILE = Monumental/Info.plist;
				INFOPLIST_KEY_UIApplicationSupportsIndirectInputEvents = YES;
				INFOPLIST_KEY_UILaunchStoryboardName = LaunchScreen;
				INFOPLIST_KEY_UIMainStoryboardFile = Main;
				INFOPLIST_KEY_UISupportedInterfaceOrientations_iPad = "UIInterfaceOrientationPortrait UIInterfaceOrientationPortraitUpsideDown UIInterfaceOrientationLandscapeLeft UIInterfaceOrientationLandscapeRight";
				INFOPLIST_KEY_UISupportedInterfaceOrientations_iPhone = "UIInterfaceOrientationPortrait UIInterfaceOrientationLandscapeLeft UIInterfaceOrientationLandscapeRight";
				LD_RUNPATH_SEARCH_PATHS = (
					"$(inherited)",
					"@executable_path/Frameworks",
				);
				MARKETING_VERSION = 1.0;
				PRODUCT_BUNDLE_IDENTIFIER = StudioCreoliste.Monumental;
				PRODUCT_NAME = "$(TARGET_NAME)";
				SWIFT_EMIT_LOC_STRINGS = YES;
				SWIFT_VERSION = 5.0;
				TARGETED_DEVICE_FAMILY = "1,2";
			};
			name = Release;
		};
		C26FBF9C2AD716CA00E2220C /* Debug */ = {
			isa = XCBuildConfiguration;
			buildSettings = {
				ALWAYS_EMBED_SWIFT_STANDARD_LIBRARIES = YES;
				BUNDLE_LOADER = "$(TEST_HOST)";
				CODE_SIGN_STYLE = Automatic;
				CURRENT_PROJECT_VERSION = 1;
				GENERATE_INFOPLIST_FILE = YES;
				IPHONEOS_DEPLOYMENT_TARGET = 16.4;
				MARKETING_VERSION = 1.0;
				PRODUCT_BUNDLE_IDENTIFIER = StudioCreoliste.MonumentalTests;
				PRODUCT_NAME = "$(TARGET_NAME)";
				SWIFT_EMIT_LOC_STRINGS = NO;
				SWIFT_VERSION = 5.0;
				TARGETED_DEVICE_FAMILY = "1,2";
				TEST_HOST = "$(BUILT_PRODUCTS_DIR)/Monumental.app/$(BUNDLE_EXECUTABLE_FOLDER_PATH)/Monumental";
			};
			name = Debug;
		};
		C26FBF9D2AD716CA00E2220C /* Release */ = {
			isa = XCBuildConfiguration;
			buildSettings = {
				ALWAYS_EMBED_SWIFT_STANDARD_LIBRARIES = YES;
				BUNDLE_LOADER = "$(TEST_HOST)";
				CODE_SIGN_STYLE = Automatic;
				CURRENT_PROJECT_VERSION = 1;
				GENERATE_INFOPLIST_FILE = YES;
				IPHONEOS_DEPLOYMENT_TARGET = 16.4;
				MARKETING_VERSION = 1.0;
				PRODUCT_BUNDLE_IDENTIFIER = StudioCreoliste.MonumentalTests;
				PRODUCT_NAME = "$(TARGET_NAME)";
				SWIFT_EMIT_LOC_STRINGS = NO;
				SWIFT_VERSION = 5.0;
				TARGETED_DEVICE_FAMILY = "1,2";
				TEST_HOST = "$(BUILT_PRODUCTS_DIR)/Monumental.app/$(BUNDLE_EXECUTABLE_FOLDER_PATH)/Monumental";
			};
			name = Release;
		};
		C26FBF9F2AD716CA00E2220C /* Debug */ = {
			isa = XCBuildConfiguration;
			buildSettings = {
				ALWAYS_EMBED_SWIFT_STANDARD_LIBRARIES = YES;
				CODE_SIGN_STYLE = Automatic;
				CURRENT_PROJECT_VERSION = 1;
				GENERATE_INFOPLIST_FILE = YES;
				MARKETING_VERSION = 1.0;
				PRODUCT_BUNDLE_IDENTIFIER = StudioCreoliste.MonumentalUITests;
				PRODUCT_NAME = "$(TARGET_NAME)";
				SWIFT_EMIT_LOC_STRINGS = NO;
				SWIFT_VERSION = 5.0;
				TARGETED_DEVICE_FAMILY = "1,2";
				TEST_TARGET_NAME = Monumental;
			};
			name = Debug;
		};
		C26FBFA02AD716CA00E2220C /* Release */ = {
			isa = XCBuildConfiguration;
			buildSettings = {
				ALWAYS_EMBED_SWIFT_STANDARD_LIBRARIES = YES;
				CODE_SIGN_STYLE = Automatic;
				CURRENT_PROJECT_VERSION = 1;
				GENERATE_INFOPLIST_FILE = YES;
				MARKETING_VERSION = 1.0;
				PRODUCT_BUNDLE_IDENTIFIER = StudioCreoliste.MonumentalUITests;
				PRODUCT_NAME = "$(TARGET_NAME)";
				SWIFT_EMIT_LOC_STRINGS = NO;
				SWIFT_VERSION = 5.0;
				TARGETED_DEVICE_FAMILY = "1,2";
				TEST_TARGET_NAME = Monumental;
			};
			name = Release;
		};
/* End XCBuildConfiguration section */

/* Begin XCConfigurationList section */
		C26FBF662AD716C800E2220C /* Build configuration list for PBXProject "Monumental" */ = {
			isa = XCConfigurationList;
			buildConfigurations = (
				C26FBF962AD716CA00E2220C /* Debug */,
				C26FBF972AD716CA00E2220C /* Release */,
			);
			defaultConfigurationIsVisible = 0;
			defaultConfigurationName = Release;
		};
		C26FBF982AD716CA00E2220C /* Build configuration list for PBXNativeTarget "Monumental" */ = {
			isa = XCConfigurationList;
			buildConfigurations = (
				C26FBF992AD716CA00E2220C /* Debug */,
				C26FBF9A2AD716CA00E2220C /* Release */,
			);
			defaultConfigurationIsVisible = 0;
			defaultConfigurationName = Release;
		};
		C26FBF9B2AD716CA00E2220C /* Build configuration list for PBXNativeTarget "MonumentalTests" */ = {
			isa = XCConfigurationList;
			buildConfigurations = (
				C26FBF9C2AD716CA00E2220C /* Debug */,
				C26FBF9D2AD716CA00E2220C /* Release */,
			);
			defaultConfigurationIsVisible = 0;
			defaultConfigurationName = Release;
		};
		C26FBF9E2AD716CA00E2220C /* Build configuration list for PBXNativeTarget "MonumentalUITests" */ = {
			isa = XCConfigurationList;
			buildConfigurations = (
				C26FBF9F2AD716CA00E2220C /* Debug */,
				C26FBFA02AD716CA00E2220C /* Release */,
			);
			defaultConfigurationIsVisible = 0;
			defaultConfigurationName = Release;
		};
/* End XCConfigurationList section */

/* Begin XCVersionGroup section */
		C26FBF772AD716C800E2220C /* Monumental.xcdatamodeld */ = {
			isa = XCVersionGroup;
			children = (
				C26FBF782AD716C800E2220C /* Monumental.xcdatamodel */,
			);
			currentVersion = C26FBF782AD716C800E2220C /* Monumental.xcdatamodel */;
			path = Monumental.xcdatamodeld;
			sourceTree = "<group>";
			versionGroupType = wrapper.xcdatamodel;
		};
/* End XCVersionGroup section */
	};
	rootObject = C26FBF632AD716C800E2220C /* Project object */;
}
